# THIS IS AN AUTOGENERATED FILE. DO NOT EDIT THIS FILE DIRECTLY.
# yarn lockfile v1


"@uirouter/core@5.0.23":
  version "5.0.23"
  resolved "https://registry.yarnpkg.com/@uirouter/core/-/core-5.0.23.tgz#363b4bea635a1b48900dc7e65793a65a3b58a79e"
  integrity sha512-rwFOH++z/KY8y+h0IOpQ5uC8Nim6E0EBCQrIjhVCr+XKYXgpK+VdtuOLFdogvbJ3AAi5Z7ei00qdEr7Did5CAg==

angular-animate@^1.7.8:
  version "1.7.8"
  resolved "https://registry.yarnpkg.com/angular-animate/-/angular-animate-1.7.8.tgz#c95f237efe7ecfe0e6003adb5e2c7ef0e5a2b9d4"
  integrity sha512-bINtzizq7TbJzfVrDpwLfTxVl0Qd7fRNWFb5jKYI1vaFZobQNX/QONXlLow6ySsDbZ6eLECycB7mvWtfh1YYaw==

angular-mocks@^1.7.8:
  version "1.7.8"
  resolved "https://registry.yarnpkg.com/angular-mocks/-/angular-mocks-1.7.8.tgz#95e7887ca91d1a3e176cc22f2d1941d284ce9767"
  integrity sha512-LB13ESBT0eJrhQhfPXyLR9qm4LI9g44hyBFwUqZKEHEA4DpfxVTu0ONipiNoN0zWtmEAezA8u2gjcoaO2TStig==

angular-ui-router@^1.0.22:
  version "1.0.22"
  resolved "https://registry.yarnpkg.com/angular-ui-router/-/angular-ui-router-1.0.22.tgz#54a88a06baba576e186fa1b4d5aac913eb4ccb08"
  integrity sha512-cuq0+Di6spKEIQ1aZCGORPU9uZzJRFzuiMQDB2vLUDlo1DS8tR8/KxlThqmz6iw+8KtmUArI+5IMINSp/jwUKg==
  dependencies:
    "@uirouter/core" "5.0.23"

angular@^1.7.8:
  version "1.7.8"
  resolved "https://registry.yarnpkg.com/angular/-/angular-1.7.8.tgz#b77ede272ce1b261e3be30c1451a0b346905a3c9"
  integrity sha512-wtef/y4COxM7ZVhddd7JtAAhyYObq9YXKar9tsW7558BImeVYteJiTxCKeJOL45lJ/+7B4wrAC49j8gTFYEthg==

lodash@^4.17.15:
  version "4.17.15"
  resolved "https://registry.yarnpkg.com/lodash/-/lodash-4.17.15.tgz#b447f6670a0455bbfeedd11392eff330ea097548"
  integrity sha512-8xOcRHvCjnocdS5cpwXQXVzmmh5e5+saE2QGoeQmbKmRS6J3VQppPOIt0MnmE+4xlZoumy0GPG0D0MVIQbNA1A==

normalize.css@^8.0.1:
  version "8.0.1"
  resolved "https://registry.yarnpkg.com/normalize.css/-/normalize.css-8.0.1.tgz#9b98a208738b9cc2634caacbc42d131c97487bf3"
  integrity sha512-qizSNPO93t1YUuUhP22btGOo3chcvDFqFaj2TRybP0DMxkHOCTYwp3n34fel4a31ORXy4m1Xq0Gyqpb5m33qIg==
